{
  "object": {
    "pins": [
      {
        "package": "Rainbow",
        "repositoryURL": "https://github.com/onevcat/Rainbow",
        "state": {
          "branch": null,
          "revision": "f69961599ad524251d677fbec9e4bac57385d6fc",
          "version": "3.1.1"
        }
      },
      {
        "package": "Spawn",
        "repositoryURL": "https://github.com/jakeheis/Spawn",
        "state": {
          "branch": null,
          "revision": "737435e81917f9120552b04164293b66520ade77",
          "version": "0.0.6"
        }
      },
      {
        "package": "SwiftCLI",
        "repositoryURL": "https://github.com/jakeheis/SwiftCLI",
        "state": {
          "branch": null,
          "revision": "740b496012f922218f4b901237e39c7ac98f92f6",
          "version": "4.1.2"
        }
      }
    ]
  },
  "version": 1
}
